
Microsoft Visual Studio Solution File, Format Version 12.00
# Visual Studio Version 17
VisualStudioVersion = 17.5.002.0
MinimumVisualStudioVersion = 10.0.40219.1
Project("{9A19103F-16F7-4668-BE54-9A1E7A4F7556}") = "group-project-starter", "group-project-starter.csproj", "{D39CE455-3CAF-4279-A912-D017C558AF18}"
EndProject
Global
	GlobalSection(SolutionConfigurationPlatforms) = preSolution
		Debug|Any CPU = Debug|Any CPU
		Release|Any CPU = Release|Any CPU
	EndGlobalSection
	GlobalSection(ProjectConfigurationPlatforms) = postSolution
		{D39CE455-3CAF-4279-A912-D017C558AF18}.Debug|Any CPU.ActiveCfg = Debug|Any CPU
		{D39CE455-3CAF-4279-A912-D017C558AF18}.Debug|Any CPU.Build.0 = Debug|Any CPU
		{D39CE455-3CAF-4279-A912-D017C558AF18}.Release|Any CPU.ActiveCfg = Release|Any CPU
		{D39CE455-3CAF-4279-A912-D017C558AF18}.Release|Any CPU.Build.0 = Release|Any CPU
	EndGlobalSection
	GlobalSection(SolutionProperties) = preSolution
		HideSolutionNode = FALSE
	EndGlobalSection
	GlobalSection(ExtensibilityGlobals) = postSolution
		SolutionGuid = {CA57D505-886E-4C8F-9DDA-AA915FF3A469}
	EndGlobalSection
EndGlobal
